// !$*UTF8*$!
{
	archiveVersion = 1;
	classes = {
	};
	objectVersion = 56;
	objects = {

/* Begin PBXBuildFile section */
		BB8C7708291DF31300ECCE91 /* cat_appApp.swift in Sources */ = {isa = PBXBuildFile; fileRef = BB8C7707291DF31300ECCE91 /* cat_appApp.swift */; };
		BB8C770A291DF31300ECCE91 /* ContentView.swift in Sources */ = {isa = PBXBuildFile; fileRef = BB8C7709291DF31300ECCE91 /* ContentView.swift */; };
		BB8C770C291DF31600ECCE91 /* Assets.xcassets in Resources */ = {isa = PBXBuildFile; fileRef = BB8C770B291DF31600ECCE91 /* Assets.xcassets */; };
		BB8C770F291DF31600ECCE91 /* Preview Assets.xcassets in Resources */ = {isa = PBXBuildFile; fileRef = BB8C770E291DF31600ECCE91 /* Preview Assets.xcassets */; };
		BB8C7719291DF31600ECCE91 /* cat_appTests.swift in Sources */ = {isa = PBXBuildFile; fileRef = BB8C7718291DF31600ECCE91 /* cat_appTests.swift */; };
		BB8C7723291DF31600ECCE91 /* cat_appUITests.swift in Sources */ = {isa = PBXBuildFile; fileRef = BB8C7722291DF31600ECCE91 /* cat_appUITests.swift */; };
		BB8C7725291DF31600ECCE91 /* cat_appUITestsLaunchTests.swift in Sources */ = {isa = PBXBuildFile; fileRef = BB8C7724291DF31600ECCE91 /* cat_appUITestsLaunchTests.swift */; };
		BBC83CC52A2670F6003D4A48 /* ListView.swift in Sources */ = {isa = PBXBuildFile; fileRef = BBC83CC42A2670F6003D4A48 /* ListView.swift */; };
/* End PBXBuildFile section */

/* Begin PBXContainerItemProxy section */
		BB8C7715291DF31600ECCE91 /* PBXContainerItemProxy */ = {
			isa = PBXContainerItemProxy;
			containerPortal = BB8C76FC291DF31300ECCE91 /* Project object */;
			proxyType = 1;
			remoteGlobalIDString = BB8C7703291DF31300ECCE91;
			remoteInfo = cat_app;
		};
		BB8C771F291DF31600ECCE91 /* PBXContainerItemProxy */ = {
			isa = PBXContainerItemProxy;
			containerPortal = BB8C76FC291DF31300ECCE91 /* Project object */;
			proxyType = 1;
			remoteGlobalIDString = BB8C7703291DF31300ECCE91;
			remoteInfo = cat_app;
		};
/* End PBXContainerItemProxy section */

/* Begin PBXFileReference section */
		BB8C7704291DF31300ECCE91 /* cat_app.app */ = {isa = PBXFileReference; explicitFileType = wrapper.application; includeInIndex = 0; path = cat_app.app; sourceTree = BUILT_PRODUCTS_DIR; };
		BB8C7707291DF31300ECCE91 /* cat_appApp.swift */ = {isa = PBXFileReference; lastKnownFileType = sourcecode.swift; path = cat_appApp.swift; sourceTree = "<group>"; };
		BB8C7709291DF31300ECCE91 /* ContentView.swift */ = {isa = PBXFileReference; lastKnownFileType = sourcecode.swift; path = ContentView.swift; sourceTree = "<group>"; };
		BB8C770B291DF31600ECCE91 /* Assets.xcassets */ = {isa = PBXFileReference; lastKnownFileType = folder.assetcatalog; path = Assets.xcassets; sourceTree = "<group>"; };
		BB8C770E291DF31600ECCE91 /* Preview Assets.xcassets */ = {isa = PBXFileReference; lastKnownFileType = folder.assetcatalog; path = "Preview Assets.xcassets"; sourceTree = "<group>"; };
		BB8C7714291DF31600ECCE91 /* cat_appTests.xctest */ = {isa = PBXFileReference; explicitFileType = wrapper.cfbundle; includeInIndex = 0; path = cat_appTests.xctest; sourceTree = BUILT_PRODUCTS_DIR; };
		BB8C7718291DF31600ECCE91 /* cat_appTests.swift */ = {isa = PBXFileReference; lastKnownFileType = sourcecode.swift; path = cat_appTests.swift; sourceTree = "<group>"; };
		BB8C771E291DF31600ECCE91 /* cat_appUITests.xctest */ = {isa = PBXFileReference; explicitFileType = wrapper.cfbundle; includeInIndex = 0; path = cat_appUITests.xctest; sourceTree = BUILT_PRODUCTS_DIR; };
		BB8C7722291DF31600ECCE91 /* cat_appUITests.swift */ = {isa = PBXFileReference; lastKnownFileType = sourcecode.swift; path = cat_appUITests.swift; sourceTree = "<group>"; };
		BB8C7724291DF31600ECCE91 /* cat_appUITestsLaunchTests.swift */ = {isa = PBXFileReference; lastKnownFileType = sourcecode.swift; path = cat_appUITestsLaunchTests.swift; sourceTree = "<group>"; };
		BBC83CC42A2670F6003D4A48 /* ListView.swift */ = {isa = PBXFileReference; lastKnownFileType = sourcecode.swift; path = ListView.swift; sourceTree = "<group>"; };
/* End PBXFileReference section */

/* Begin PBXFrameworksBuildPhase section */
		BB8C7701291DF31300ECCE91 /* Frameworks */ = {
			isa = PBXFrameworksBuildPhase;
			buildActionMask = 2147483647;
			files = (
			);
			runOnlyForDeploymentPostprocessing = 0;
		};
		BB8C7711291DF31600ECCE91 /* Frameworks */ = {
			isa = PBXFrameworksBuildPhase;
			buildActionMask = 2147483647;
			files = (
			);
			runOnlyForDeploymentPostprocessing = 0;
		};
		BB8C771B291DF31600ECCE91 /* Frameworks */ = {
			isa = PBXFrameworksBuildPhase;
			buildActionMask = 2147483647;
			files = (
			);
			runOnlyForDeploymentPostprocessing = 0;
		};
/* End PBXFrameworksBuildPhase section */

/* Begin PBXGroup section */
		BB8C76FB291DF31300ECCE91 = {
			isa = PBXGroup;
			children = (
				BB8C7706291DF31300ECCE91 /* cat_app */,
				BB8C7717291DF31600ECCE91 /* cat_appTests */,
				BB8C7721291DF31600ECCE91 /* cat_appUITests */,
				BB8C7705291DF31300ECCE91 /* Products */,
			);
			sourceTree = "<group>";
		};
		BB8C7705291DF31300ECCE91 /* Products */ = {
			isa = PBXGroup;
			children = (
				BB8C7704291DF31300ECCE91 /* cat_app.app */,
				BB8C7714291DF31600ECCE91 /* cat_appTests.xctest */,
				BB8C771E291DF31600ECCE91 /* cat_appUITests.xctest */,
			);
			name = Products;
			sourceTree = "<group>";
		};
		BB8C7706291DF31300ECCE91 /* cat_app */ = {
			isa = PBXGroup;
			children = (
				BBC83CC32A2670CE003D4A48 /* Views */,
				BB8C7707291DF31300ECCE91 /* cat_appApp.swift */,
				BB8C7709291DF31300ECCE91 /* ContentView.swift */,
				BB8C770B291DF31600ECCE91 /* Assets.xcassets */,
				BB8C770D291DF31600ECCE91 /* Preview Content */,
			);
			path = cat_app;
			sourceTree = "<group>";
		};
		BB8C770D291DF31600ECCE91 /* Preview Content */ = {
			isa = PBXGroup;
			children = (
				BB8C770E291DF31600ECCE91 /* Preview Assets.xcassets */,
			);
			path = "Preview Content";
			sourceTree = "<group>";
		};
		BB8C7717291DF31600ECCE91 /* cat_appTests */ = {
			isa = PBXGroup;
			children = (
				BB8C7718291DF31600ECCE91 /* cat_appTests.swift */,
			);
			path = cat_appTests;
			sourceTree = "<group>";
		};
		BB8C7721291DF31600ECCE91 /* cat_appUITests */ = {
			isa = PBXGroup;
			children = (
				BB8C7722291DF31600ECCE91 /* cat_appUITests.swift */,
				BB8C7724291DF31600ECCE91 /* cat_appUITestsLaunchTests.swift */,
			);
			path = cat_appUITests;
			sourceTree = "<group>";
		};
		BBC83CC32A2670CE003D4A48 /* Views */ = {
			isa = PBXGroup;
			children = (
				BBC83CC42A2670F6003D4A48 /* ListView.swift */,
			);
			path = Views;
			sourceTree = "<group>";
		};
/* End PBXGroup section */

/* Begin PBXNativeTarget section */
		BB8C7703291DF31300ECCE91 /* cat_app */ = {
			isa = PBXNativeTarget;
			buildConfigurationList = BB8C7728291DF31600ECCE91 /* Build configuration list for PBXNativeTarget "cat_app" */;
			buildPhases = (
				BB8C7700291DF31300ECCE91 /* Sources */,
				BB8C7701291DF31300ECCE91 /* Frameworks */,
				BB8C7702291DF31300ECCE91 /* Resources */,
			);
			buildRules = (
			);
			dependencies = (
			);
			name = cat_app;
			productName = cat_app;
			productReference = BB8C7704291DF31300ECCE91 /* cat_app.app */;
			productType = "com.apple.product-type.application";
		};
		BB8C7713291DF31600ECCE91 /* cat_appTests */ = {
			isa = PBXNativeTarget;
			buildConfigurationList = BB8C772B291DF31600ECCE91 /* Build configuration list for PBXNativeTarget "cat_appTests" */;
			buildPhases = (
				BB8C7710291DF31600ECCE91 /* Sources */,
				BB8C7711291DF31600ECCE91 /* Frameworks */,
				BB8C7712291DF31600ECCE91 /* Resources */,
			);
			buildRules = (
			);
			dependencies = (
				BB8C7716291DF31600ECCE91 /* PBXTargetDependency */,
			);
			name = cat_appTests;
			productName = cat_appTests;
			productReference = BB8C7714291DF31600ECCE91 /* cat_appTests.xctest */;
			productType = "com.apple.product-type.bundle.unit-test";
		};
		BB8C771D291DF31600ECCE91 /* cat_appUITests */ = {
			isa = PBXNativeTarget;
			buildConfigurationList = BB8C772E291DF31600ECCE91 /* Build configuration list for PBXNativeTarget "cat_appUITests" */;
			buildPhases = (
				BB8C771A291DF31600ECCE91 /* Sources */,
				BB8C771B291DF31600ECCE91 /* Frameworks */,
				BB8C771C291DF31600ECCE91 /* Resources */,
			);
			buildRules = (
			);
			dependencies = (
				BB8C7720291DF31600ECCE91 /* PBXTargetDependency */,
			);
			name = cat_appUITests;
			productName = cat_appUITests;
			productReference = BB8C771E291DF31600ECCE91 /* cat_appUITests.xctest */;
			productType = "com.apple.product-type.bundle.ui-testing";
		};
/* End PBXNativeTarget section */

/* Begin PBXProject section */
		BB8C76FC291DF31300ECCE91 /* Project object */ = {
			isa = PBXProject;
			attributes = {
				BuildIndependentTargetsInParallel = 1;
				LastSwiftUpdateCheck = 1410;
				LastUpgradeCheck = 1410;
				TargetAttributes = {
					BB8C7703291DF31300ECCE91 = {
						CreatedOnToolsVersion = 14.1;
					};
					BB8C7713291DF31600ECCE91 = {
						CreatedOnToolsVersion = 14.1;
						TestTargetID = BB8C7703291DF31300ECCE91;
					};
					BB8C771D291DF31600ECCE91 = {
						CreatedOnToolsVersion = 14.1;
						TestTargetID = BB8C7703291DF31300ECCE91;
					};
				};
			};
			buildConfigurationList = BB8C76FF291DF31300ECCE91 /* Build configuration list for PBXProject "cat_app" */;
			compatibilityVersion = "Xcode 14.0";
			developmentRegion = en;
			hasScannedForEncodings = 0;
			knownRegions = (
				en,
				Base,
			);
			mainGroup = BB8C76FB291DF31300ECCE91;
			productRefGroup = BB8C7705291DF31300ECCE91 /* Products */;
			projectDirPath = "";
			projectRoot = "";
			targets = (
				BB8C7703291DF31300ECCE91 /* cat_app */,
				BB8C7713291DF31600ECCE91 /* cat_appTests */,
				BB8C771D291DF31600ECCE91 /* cat_appUITests */,
			);
		};
/* End PBXProject section */

/* Begin PBXResourcesBuildPhase section */
		BB8C7702291DF31300ECCE91 /* Resources */ = {
			isa = PBXResourcesBuildPhase;
			buildActionMask = 2147483647;
			files = (
				BB8C770F291DF31600ECCE91 /* Preview Assets.xcassets in Resources */,
				BB8C770C291DF31600ECCE91 /* Assets.xcassets in Resources */,
			);
			runOnlyForDeploymentPostprocessing = 0;
		};
		BB8C7712291DF31600ECCE91 /* Resources */ = {
			isa = PBXResourcesBuildPhase;
			buildActionMask = 2147483647;
			files = (
			);
			runOnlyForDeploymentPostprocessing = 0;
		};
		BB8C771C291DF31600ECCE91 /* Resources */ = {
			isa = PBXResourcesBuildPhase;
			buildActionMask = 2147483647;
			files = (
			);
			runOnlyForDeploymentPostprocessing = 0;
		};
/* End PBXResourcesBuildPhase section */

/* Begin PBXSourcesBuildPhase section */
		BB8C7700291DF31300ECCE91 /* Sources */ = {
			isa = PBXSourcesBuildPhase;
			buildActionMask = 2147483647;
			files = (
				BBC83CC52A2670F6003D4A48 /* ListView.swift in Sources */,
				BB8C770A291DF31300ECCE91 /* ContentView.swift in Sources */,
				BB8C7708291DF31300ECCE91 /* cat_appApp.swift in Sources */,
			);
			runOnlyForDeploymentPostprocessing = 0;
		};
		BB8C7710291DF31600ECCE91 /* Sources */ = {
			isa = PBXSourcesBuildPhase;
			buildActionMask = 2147483647;
			files = (
				BB8C7719291DF31600ECCE91 /* cat_appTests.swift in Sources */,
			);
			runOnlyForDeploymentPostprocessing = 0;
		};
		BB8C771A291DF31600ECCE91 /* Sources */ = {
			isa = PBXSourcesBuildPhase;
			buildActionMask = 2147483647;
			files = (
				BB8C7723291DF31600ECCE91 /* cat_appUITests.swift in Sources */,
				BB8C7725291DF31600ECCE91 /* cat_appUITestsLaunchTests.swift in Sources */,
			);
			runOnlyForDeploymentPostprocessing = 0;
		};
/* End PBXSourcesBuildPhase section */

/* Begin PBXTargetDependency section */
		BB8C7716291DF31600ECCE91 /* PBXTargetDependency */ = {
			isa = PBXTargetDependency;
			target = BB8C7703291DF31300ECCE91 /* cat_app */;
			targetProxy = BB8C7715291DF31600ECCE91 /* PBXContainerItemProxy */;
		};
		BB8C7720291DF31600ECCE91 /* PBXTargetDependency */ = {
			isa = PBXTargetDependency;
			target = BB8C7703291DF31300ECCE91 /* cat_app */;
			targetProxy = BB8C771F291DF31600ECCE91 /* PBXContainerItemProxy */;
		};
/* End PBXTargetDependency section */

/* Begin XCBuildConfiguration section */
		BB8C7726291DF31600ECCE91 /* Debug */ = {
			isa = XCBuildConfiguration;
			buildSettings = {
				ALWAYS_SEARCH_USER_PATHS = NO;
				CLANG_ANALYZER_NONNULL = YES;
				CLANG_ANALYZER_NUMBER_OBJECT_CONVERSION = YES_AGGRESSIVE;
				CLANG_CXX_LANGUAGE_STANDARD = "gnu++20";
				CLANG_ENABLE_MODULES = YES;
				CLANG_ENABLE_OBJC_ARC = YES;
				CLANG_ENABLE_OBJC_WEAK = YES;
				CLANG_WARN_BLOCK_CAPTURE_AUTORELEASING = YES;
				CLANG_WARN_BOOL_CONVERSION = YES;
				CLANG_WARN_COMMA = YES;
				CLANG_WARN_CONSTANT_CONVERSION = YES;
				CLANG_WARN_DEPRECATED_OBJC_IMPLEMENTATIONS = YES;
				CLANG_WARN_DIRECT_OBJC_ISA_USAGE = YES_ERROR;
				CLANG_WARN_DOCUMENTATION_COMMENTS = YES;
				CLANG_WARN_EMPTY_BODY = YES;
				CLANG_WARN_ENUM_CONVERSION = YES;
				CLANG_WARN_INFINITE_RECURSION = YES;
				CLANG_WARN_INT_CONVERSION = YES;
				CLANG_WARN_NON_LITERAL_NULL_CONVERSION = YES;
				CLANG_WARN_OBJC_IMPLICIT_RETAIN_SELF = YES;
				CLANG_WARN_OBJC_LITERAL_CONVERSION = YES;
				CLANG_WARN_OBJC_ROOT_CLASS = YES_ERROR;
				CLANG_WARN_QUOTED_INCLUDE_IN_FRAMEWORK_HEADER = YES;
				CLANG_WARN_RANGE_LOOP_ANALYSIS = YES;
				CLANG_WARN_STRICT_PROTOTYPES = YES;
				CLANG_WARN_SUSPICIOUS_MOVE = YES;
				CLANG_WARN_UNGUARDED_AVAILABILITY = YES_AGGRESSIVE;
				CLANG_WARN_UNREACHABLE_CODE = YES;
				CLANG_WARN__DUPLICATE_METHOD_MATCH = YES;
				COPY_PHASE_STRIP = NO;
				DEBUG_INFORMATION_FORMAT = dwarf;
				ENABLE_STRICT_OBJC_MSGSEND = YES;
				ENABLE_TESTABILITY = YES;
				GCC_C_LANGUAGE_STANDARD = gnu11;
				GCC_DYNAMIC_NO_PIC = NO;
				GCC_NO_COMMON_BLOCKS = YES;
				GCC_OPTIMIZATION_LEVEL = 0;
				GCC_PREPROCESSOR_DEFINITIONS = (
					"DEBUG=1",
					"$(inherited)",
				);
				GCC_WARN_64_TO_32_BIT_CONVERSION = YES;
				GCC_WARN_ABOUT_RETURN_TYPE = YES_ERROR;
				GCC_WARN_UNDECLARED_SELECTOR = YES;
				GCC_WARN_UNINITIALIZED_AUTOS = YES_AGGRESSIVE;
				GCC_WARN_UNUSED_FUNCTION = YES;
				GCC_WARN_UNUSED_VARIABLE = YES;
				IPHONEOS_DEPLOYMENT_TARGET = 16.1;
				MTL_ENABLE_DEBUG_INFO = INCLUDE_SOURCE;
				MTL_FAST_MATH = YES;
				ONLY_ACTIVE_ARCH = YES;
				SDKROOT = iphoneos;
				SWIFT_ACTIVE_COMPILATION_CONDITIONS = DEBUG;
				SWIFT_OPTIMIZATION_LEVEL = "-Onone";
			};
			name = Debug;
		};
		BB8C7727291DF31600ECCE91 /* Release */ = {
			isa = XCBuildConfiguration;
			buildSettings = {
				ALWAYS_SEARCH_USER_PATHS = NO;
				CLANG_ANALYZER_NONNULL = YES;
				CLANG_ANALYZER_NUMBER_OBJECT_CONVERSION = YES_AGGRESSIVE;
				CLANG_CXX_LANGUAGE_STANDARD = "gnu++20";
				CLANG_ENABLE_MODULES = YES;
				CLANG_ENABLE_OBJC_ARC = YES;
				CLANG_ENABLE_OBJC_WEAK = YES;
				CLANG_WARN_BLOCK_CAPTURE_AUTORELEASING = YES;
				CLANG_WARN_BOOL_CONVERSION = YES;
				CLANG_WARN_COMMA = YES;
				CLANG_WARN_CONSTANT_CONVERSION = YES;
				CLANG_WARN_DEPRECATED_OBJC_IMPLEMENTATIONS = YES;
				CLANG_WARN_DIRECT_OBJC_ISA_USAGE = YES_ERROR;
				CLANG_WARN_DOCUMENTATION_COMMENTS = YES;
				CLANG_WARN_EMPTY_BODY = YES;
				CLANG_WARN_ENUM_CONVERSION = YES;
				CLANG_WARN_INFINITE_RECURSION = YES;
				CLANG_WARN_INT_CONVERSION = YES;
				CLANG_WARN_NON_LITERAL_NULL_CONVERSION = YES;
				CLANG_WARN_OBJC_IMPLICIT_RETAIN_SELF = YES;
				CLANG_WARN_OBJC_LITERAL_CONVERSION = YES;
				CLANG_WARN_OBJC_ROOT_CLASS = YES_ERROR;
				CLANG_WARN_QUOTED_INCLUDE_IN_FRAMEWORK_HEADER = YES;
				CLANG_WARN_RANGE_LOOP_ANALYSIS = YES;
				CLANG_WARN_STRICT_PROTOTYPES = YES;
				CLANG_WARN_SUSPICIOUS_MOVE = YES;
				CLANG_WARN_UNGUARDED_AVAILABILITY = YES_AGGRESSIVE;
				CLANG_WARN_UNREACHABLE_CODE = YES;
				CLANG_WARN__DUPLICATE_METHOD_MATCH = YES;
				COPY_PHASE_STRIP = NO;
				DEBUG_INFORMATION_FORMAT = "dwarf-with-dsym";
				ENABLE_NS_ASSERTIONS = NO;
				ENABLE_STRICT_OBJC_MSGSEND = YES;
				GCC_C_LANGUAGE_STANDARD = gnu11;
				GCC_NO_COMMON_BLOCKS = YES;
				GCC_WARN_64_TO_32_BIT_CONVERSION = YES;
				GCC_WARN_ABOUT_RETURN_TYPE = YES_ERROR;
				GCC_WARN_UNDECLARED_SELECTOR = YES;
				GCC_WARN_UNINITIALIZED_AUTOS = YES_AGGRESSIVE;
				GCC_WARN_UNUSED_FUNCTION = YES;
				GCC_WARN_UNUSED_VARIABLE = YES;
				IPHONEOS_DEPLOYMENT_TARGET = 16.1;
				MTL_ENABLE_DEBUG_INFO = NO;
				MTL_FAST_MATH = YES;
				SDKROOT = iphoneos;
				SWIFT_COMPILATION_MODE = wholemodule;
				SWIFT_OPTIMIZATION_LEVEL = "-O";
				VALIDATE_PRODUCT = YES;
			};
			name = Release;
		};
		BB8C7729291DF31600ECCE91 /* Debug */ = {
			isa = XCBuildConfiguration;
			buildSettings = {
				ASSETCATALOG_COMPILER_APPICON_NAME = AppIcon;
				ASSETCATALOG_COMPILER_GLOBAL_ACCENT_COLOR_NAME = AccentColor;
				CODE_SIGN_STYLE = Automatic;
				CURRENT_PROJECT_VERSION = 1;
				DEVELOPMENT_ASSET_PATHS = "\"cat_app/Preview Content\"";
				DEVELOPMENT_TEAM = 4GVD4M3UD4;
				ENABLE_PREVIEWS = YES;
				GENERATE_INFOPLIST_FILE = YES;
				INFOPLIST_KEY_UIApplicationSceneManifest_Generation = YES;
				INFOPLIST_KEY_UIApplicationSupportsIndirectInputEvents = YES;
				INFOPLIST_KEY_UILaunchScreen_Generation = YES;
				INFOPLIST_KEY_UISupportedInterfaceOrientations_iPad = "UIInterfaceOrientationPortrait UIInterfaceOrientationPortraitUpsideDown UIInterfaceOrientationLandscapeLeft UIInterfaceOrientationLandscapeRight";
				INFOPLIST_KEY_UISupportedInterfaceOrientations_iPhone = "UIInterfaceOrientationPortrait UIInterfaceOrientationLandscapeLeft UIInterfaceOrientationLandscapeRight";
				LD_RUNPATH_SEARCH_PATHS = (
					"$(inherited)",
					"@executable_path/Frameworks",
				);
				MARKETING_VERSION = 1.0;
				PRODUCT_BUNDLE_IDENTIFIER = "Andres-Salazar.cat-app";
				PRODUCT_NAME = "$(TARGET_NAME)";
				SWIFT_EMIT_LOC_STRINGS = YES;
				SWIFT_VERSION = 5.0;
				TARGETED_DEVICE_FAMILY = "1,2";
			};
			name = Debug;
		};
		BB8C772A291DF31600ECCE91 /* Release */ = {
			isa = XCBuildConfiguration;
			buildSettings = {
				ASSETCATALOG_COMPILER_APPICON_NAME = AppIcon;
				ASSETCATALOG_COMPILER_GLOBAL_ACCENT_COLOR_NAME = AccentColor;
				CODE_SIGN_STYLE = Automatic;
				CURRENT_PROJECT_VERSION = 1;
				DEVELOPMENT_ASSET_PATHS = "\"cat_app/Preview Content\"";
				DEVELOPMENT_TEAM = 4GVD4M3UD4;
				ENABLE_PREVIEWS = YES;
				GENERATE_INFOPLIST_FILE = YES;
				INFOPLIST_KEY_UIApplicationSceneManifest_Generation = YES;
				INFOPLIST_KEY_UIApplicationSupportsIndirectInputEvents = YES;
				INFOPLIST_KEY_UILaunchScreen_Generation = YES;
				INFOPLIST_KEY_UISupportedInterfaceOrientations_iPad = "UIInterfaceOrientationPortrait UIInterfaceOrientationPortraitUpsideDown UIInterfaceOrientationLandscapeLeft UIInterfaceOrientationLandscapeRight";
				INFOPLIST_KEY_UISupportedInterfaceOrientations_iPhone = "UIInterfaceOrientationPortrait UIInterfaceOrientationLandscapeLeft UIInterfaceOrientationLandscapeRight";
				LD_RUNPATH_SEARCH_PATHS = (
					"$(inherited)",
					"@executable_path/Frameworks",
				);
				MARKETING_VERSION = 1.0;
				PRODUCT_BUNDLE_IDENTIFIER = "Andres-Salazar.cat-app";
				PRODUCT_NAME = "$(TARGET_NAME)";
				SWIFT_EMIT_LOC_STRINGS = YES;
				SWIFT_VERSION = 5.0;
				TARGETED_DEVICE_FAMILY = "1,2";
			};
			name = Release;
		};
		BB8C772C291DF31600ECCE91 /* Debug */ = {
			isa = XCBuildConfiguration;
			buildSettings = {
				ALWAYS_EMBED_SWIFT_STANDARD_LIBRARIES = YES;
				BUNDLE_LOADER = "$(TEST_HOST)";
				CODE_SIGN_STYLE = Automatic;
				CURRENT_PROJECT_VERSION = 1;
				DEVELOPMENT_TEAM = 4GVD4M3UD4;
				GENERATE_INFOPLIST_FILE = YES;
				IPHONEOS_DEPLOYMENT_TARGET = 16.1;
				MARKETING_VERSION = 1.0;
				PRODUCT_BUNDLE_IDENTIFIER = "Andres-Salazar.cat-appTests";
				PRODUCT_NAME = "$(TARGET_NAME)";
				SWIFT_EMIT_LOC_STRINGS = NO;
				SWIFT_VERSION = 5.0;
				TARGETED_DEVICE_FAMILY = "1,2";
				TEST_HOST = "$(BUILT_PRODUCTS_DIR)/cat_app.app/$(BUNDLE_EXECUTABLE_FOLDER_PATH)/cat_app";
			};
			name = Debug;
		};
		BB8C772D291DF31600ECCE91 /* Release */ = {
			isa = XCBuildConfiguration;
			buildSettings = {
				ALWAYS_EMBED_SWIFT_STANDARD_LIBRARIES = YES;
				BUNDLE_LOADER = "$(TEST_HOST)";
				CODE_SIGN_STYLE = Automatic;
				CURRENT_PROJECT_VERSION = 1;
				DEVELOPMENT_TEAM = 4GVD4M3UD4;
				GENERATE_INFOPLIST_FILE = YES;
				IPHONEOS_DEPLOYMENT_TARGET = 16.1;
				MARKETING_VERSION = 1.0;
				PRODUCT_BUNDLE_IDENTIFIER = "Andres-Salazar.cat-appTests";
				PRODUCT_NAME = "$(TARGET_NAME)";
				SWIFT_EMIT_LOC_STRINGS = NO;
				SWIFT_VERSION = 5.0;
				TARGETED_DEVICE_FAMILY = "1,2";
				TEST_HOST = "$(BUILT_PRODUCTS_DIR)/cat_app.app/$(BUNDLE_EXECUTABLE_FOLDER_PATH)/cat_app";
			};
			name = Release;
		};
		BB8C772F291DF31600ECCE91 /* Debug */ = {
			isa = XCBuildConfiguration;
			buildSettings = {
				ALWAYS_EMBED_SWIFT_STANDARD_LIBRARIES = YES;
				CODE_SIGN_STYLE = Automatic;
				CURRENT_PROJECT_VERSION = 1;
				DEVELOPMENT_TEAM = 4GVD4M3UD4;
				GENERATE_INFOPLIST_FILE = YES;
				MARKETING_VERSION = 1.0;
				PRODUCT_BUNDLE_IDENTIFIER = "Andres-Salazar.cat-appUITests";
				PRODUCT_NAME = "$(TARGET_NAME)";
				SWIFT_EMIT_LOC_STRINGS = NO;
				SWIFT_VERSION = 5.0;
				TARGETED_DEVICE_FAMILY = "1,2";
				TEST_TARGET_NAME = cat_app;
			};
			name = Debug;
		};
		BB8C7730291DF31600ECCE91 /* Release */ = {
			isa = XCBuildConfiguration;
			buildSettings = {
				ALWAYS_EMBED_SWIFT_STANDARD_LIBRARIES = YES;
				CODE_SIGN_STYLE = Automatic;
				CURRENT_PROJECT_VERSION = 1;
				DEVELOPMENT_TEAM = 4GVD4M3UD4;
				GENERATE_INFOPLIST_FILE = YES;
				MARKETING_VERSION = 1.0;
				PRODUCT_BUNDLE_IDENTIFIER = "Andres-Salazar.cat-appUITests";
				PRODUCT_NAME = "$(TARGET_NAME)";
				SWIFT_EMIT_LOC_STRINGS = NO;
				SWIFT_VERSION = 5.0;
				TARGETED_DEVICE_FAMILY = "1,2";
				TEST_TARGET_NAME = cat_app;
			};
			name = Release;
		};
/* End XCBuildConfiguration section */

/* Begin XCConfigurationList section */
		BB8C76FF291DF31300ECCE91 /* Build configuration list for PBXProject "cat_app" */ = {
			isa = XCConfigurationList;
			buildConfigurations = (
				BB8C7726291DF31600ECCE91 /* Debug */,
				BB8C7727291DF31600ECCE91 /* Release */,
			);
			defaultConfigurationIsVisible = 0;
			defaultConfigurationName = Release;
		};
		BB8C7728291DF31600ECCE91 /* Build configuration list for PBXNativeTarget "cat_app" */ = {
			isa = XCConfigurationList;
			buildConfigurations = (
				BB8C7729291DF31600ECCE91 /* Debug */,
				BB8C772A291DF31600ECCE91 /* Release */,
			);
			defaultConfigurationIsVisible = 0;
			defaultConfigurationName = Release;
		};
		BB8C772B291DF31600ECCE91 /* Build configuration list for PBXNativeTarget "cat_appTests" */ = {
			isa = XCConfigurationList;
			buildConfigurations = (
				BB8C772C291DF31600ECCE91 /* Debug */,
				BB8C772D291DF31600ECCE91 /* Release */,
			);
			defaultConfigurationIsVisible = 0;
			defaultConfigurationName = Release;
		};
		BB8C772E291DF31600ECCE91 /* Build configuration list for PBXNativeTarget "cat_appUITests" */ = {
			isa = XCConfigurationList;
			buildConfigurations = (
				BB8C772F291DF31600ECCE91 /* Debug */,
				BB8C7730291DF31600ECCE91 /* Release */,
			);
			defaultConfigurationIsVisible = 0;
			defaultConfigurationName = Release;
		};
/* End XCConfigurationList section */
	};
	rootObject = BB8C76FC291DF31300ECCE91 /* Project object */;
}
